// !$*UTF8*$!
{
	archiveVersion = 1;
	classes = {
	};
	objectVersion = 56;
	objects = {

/* Begin PBXBuildFile section */
		AA0000010000000000000201 /* MultiAudioIOSApp.swift in Sources */ = {isa = PBXBuildFile; fileRef = AA0000010000000000000101 /* MultiAudioIOSApp.swift */; };
		AA0000010000000000000202 /* ContentView.swift in Sources */ = {isa = PBXBuildFile; fileRef = AA0000010000000000000102 /* ContentView.swift */; };
		AA0000010000000000000203 /* CaptureManager.swift in Sources */ = {isa = PBXBuildFile; fileRef = AA0000010000000000000103 /* CaptureManager.swift */; };
		AA0000010000000000000204 /* AudioTransport.swift in Sources */ = {isa = PBXBuildFile; fileRef = AA0000010000000000000107 /* AudioTransport.swift */; };
		AA0000010000000000000205 /* PacketEncoderBridge.mm in Sources */ = {isa = PBXBuildFile; fileRef = AA0000010000000000000108 /* PacketEncoderBridge.mm */; };
		AA0000010000000000000206 /* audio_packet.cpp in Sources */ = {isa = PBXBuildFile; fileRef = AA000001000000000000010A /* audio_packet.cpp */; };
		AA0000010000000000000207 /* USBMetricLogger.swift in Sources */ = {isa = PBXBuildFile; fileRef = AA000001000000000000010B /* USBMetricLogger.swift */; };
		AA0000010000000000000208 /* udp_socket_posix.cpp in Sources */ = {isa = PBXBuildFile; fileRef = AA000001000000000000010C /* udp_socket_posix.cpp */; };
		AA0000010000000000000209 /* fec.cpp in Sources */ = {isa = PBXBuildFile; fileRef = AA000001000000000000010D /* fec.cpp */; };
		AA000001000000000000020A /* sender_engine.cpp in Sources */ = {isa = PBXBuildFile; fileRef = AA000001000000000000010E /* sender_engine.cpp */; };
		AA000001000000000000020B /* ReverseAudioReceiver.swift in Sources */ = {isa = PBXBuildFile; fileRef = AA000001000000000000010F /* ReverseAudioReceiver.swift */; };
		AA000001000000000000020C /* receiver_engine.cpp in Sources */ = {isa = PBXBuildFile; fileRef = AA0000010000000000000110 /* receiver_engine.cpp */; };
		AA000001000000000000020D /* jitter_buffer.cpp in Sources */ = {isa = PBXBuildFile; fileRef = AA0000010000000000000111 /* jitter_buffer.cpp */; };
/* End PBXBuildFile section */

/* Begin PBXFileReference section */
		AA0000010000000000000101 /* MultiAudioIOSApp.swift */ = {isa = PBXFileReference; lastKnownFileType = sourcecode.swift; path = MultiAudioIOSApp.swift; sourceTree = "<group>"; };
		AA0000010000000000000102 /* ContentView.swift */ = {isa = PBXFileReference; lastKnownFileType = sourcecode.swift; path = ContentView.swift; sourceTree = "<group>"; };
		AA0000010000000000000103 /* CaptureManager.swift */ = {isa = PBXFileReference; lastKnownFileType = sourcecode.swift; path = CaptureManager.swift; sourceTree = "<group>"; };
		AA0000010000000000000104 /* Info.plist */ = {isa = PBXFileReference; lastKnownFileType = text.plist.xml; path = Info.plist; sourceTree = "<group>"; };
		AA0000010000000000000105 /* MultiAudioIOS.entitlements */ = {isa = PBXFileReference; lastKnownFileType = text.plist.entitlements; path = MultiAudioIOS.entitlements; sourceTree = "<group>"; };
		AA0000010000000000000106 /* MultiAudioIOS.app */ = {isa = PBXFileReference; explicitFileType = wrapper.application; includeInIndex = 0; path = MultiAudioIOS.app; sourceTree = BUILT_PRODUCTS_DIR; };
		AA0000010000000000000107 /* AudioTransport.swift */ = {isa = PBXFileReference; lastKnownFileType = sourcecode.swift; path = AudioTransport.swift; sourceTree = "<group>"; };
		AA0000010000000000000108 /* PacketEncoderBridge.mm */ = {isa = PBXFileReference; lastKnownFileType = sourcecode.cpp.objcpp; path = PacketEncoderBridge.mm; sourceTree = "<group>"; };
		AA0000010000000000000109 /* PacketEncoderBridge.h */ = {isa = PBXFileReference; lastKnownFileType = sourcecode.c.h; path = PacketEncoderBridge.h; sourceTree = "<group>"; };
		AA000001000000000000010A /* audio_packet.cpp */ = {isa = PBXFileReference; lastKnownFileType = sourcecode.cpp.cpp; name = audio_packet.cpp; path = ../../core/protocol/audio_packet.cpp; sourceTree = SOURCE_ROOT; };
		AA000001000000000000010B /* USBMetricLogger.swift */ = {isa = PBXFileReference; lastKnownFileType = sourcecode.swift; path = USBMetricLogger.swift; sourceTree = "<group>"; };
		AA000001000000000000010C /* udp_socket_posix.cpp */ = {isa = PBXFileReference; lastKnownFileType = sourcecode.cpp.cpp; name = udp_socket_posix.cpp; path = ../../core/network/udp_socket_posix.cpp; sourceTree = SOURCE_ROOT; };
		AA000001000000000000010D /* fec.cpp */ = {isa = PBXFileReference; lastKnownFileType = sourcecode.cpp.cpp; name = fec.cpp; path = ../../core/protocol/fec.cpp; sourceTree = SOURCE_ROOT; };
		AA000001000000000000010E /* sender_engine.cpp */ = {isa = PBXFileReference; lastKnownFileType = sourcecode.cpp.cpp; name = sender_engine.cpp; path = ../../core/transport/sender_engine.cpp; sourceTree = SOURCE_ROOT; };
		AA000001000000000000010F /* ReverseAudioReceiver.swift */ = {isa = PBXFileReference; lastKnownFileType = sourcecode.swift; path = ReverseAudioReceiver.swift; sourceTree = "<group>"; };
		AA0000010000000000000110 /* receiver_engine.cpp */ = {isa = PBXFileReference; lastKnownFileType = sourcecode.cpp.cpp; name = receiver_engine.cpp; path = ../../core/transport/receiver_engine.cpp; sourceTree = SOURCE_ROOT; };
		AA0000010000000000000111 /* jitter_buffer.cpp */ = {isa = PBXFileReference; lastKnownFileType = sourcecode.cpp.cpp; name = jitter_buffer.cpp; path = ../../core/jitter/jitter_buffer.cpp; sourceTree = SOURCE_ROOT; };
/* End PBXFileReference section */

/* Begin PBXFrameworksBuildPhase section */
		AA0000010000000000000004 /* Frameworks */ = {
			isa = PBXFrameworksBuildPhase;
			buildActionMask = 2147483647;
			files = (
			);
			runOnlyForDeploymentPostprocessing = 0;
		};
/* End PBXFrameworksBuildPhase section */

/* Begin PBXGroup section */
		AA000001000000000000030A = {
			isa = PBXGroup;
			children = (
				AA000001000000000000030C /* MultiAudioIOS */,
				AA000001000000000000030B /* Products */,
			);
			sourceTree = "<group>";
		};
		AA000001000000000000030B /* Products */ = {
			isa = PBXGroup;
			children = (
				AA0000010000000000000106 /* MultiAudioIOS.app */,
			);
			name = Products;
			sourceTree = "<group>";
		};
		AA000001000000000000030C /* MultiAudioIOS */ = {
			isa = PBXGroup;
			children = (
				AA0000010000000000000101 /* MultiAudioIOSApp.swift */,
				AA0000010000000000000102 /* ContentView.swift */,
				AA0000010000000000000103 /* CaptureManager.swift */,
				AA0000010000000000000107 /* AudioTransport.swift */,
				AA000001000000000000010F /* ReverseAudioReceiver.swift */,
				AA000001000000000000010B /* USBMetricLogger.swift */,
				AA000001000000000000010C /* udp_socket_posix.cpp */,
				AA0000010000000000000108 /* PacketEncoderBridge.mm */,
				AA0000010000000000000109 /* PacketEncoderBridge.h */,
				AA000001000000000000010A /* audio_packet.cpp */,
				AA000001000000000000010D /* fec.cpp */,
				AA000001000000000000010E /* sender_engine.cpp */,
				AA0000010000000000000110 /* receiver_engine.cpp */,
				AA0000010000000000000111 /* jitter_buffer.cpp */,
				AA0000010000000000000104 /* Info.plist */,
				AA0000010000000000000105 /* MultiAudioIOS.entitlements */,
			);
			path = MultiAudioIOS;
			sourceTree = "<group>";
		};
/* End PBXGroup section */

/* Begin PBXNativeTarget section */
		AA0000010000000000000002 /* MultiAudioIOS */ = {
			isa = PBXNativeTarget;
			buildConfigurationList = AA000001000000000000040B /* Build configuration list for PBXNativeTarget "MultiAudioIOS" */;
			buildPhases = (
				AA0000010000000000000003 /* Sources */,
				AA0000010000000000000004 /* Frameworks */,
				AA0000010000000000000005 /* Resources */,
			);
			buildRules = (
			);
			dependencies = (
			);
			name = MultiAudioIOS;
			productName = MultiAudioIOS;
			productReference = AA0000010000000000000106 /* MultiAudioIOS.app */;
			productType = "com.apple.product-type.application";
		};
/* End PBXNativeTarget section */

/* Begin PBXProject section */
		AA0000010000000000000001 /* Project object */ = {
			isa = PBXProject;
			attributes = {
				BuildIndependentTargetsInParallel = 1;
				LastSwiftUpdateCheck = 2700;
				LastUpgradeCheck = 2700;
				TargetAttributes = {
					AA0000010000000000000002 = {
						CreatedOnToolsVersion = 27.0;
					};
				};
			};
			buildConfigurationList = AA000001000000000000040A /* Build configuration list for PBXProject "MultiAudioIOS" */;
			compatibilityVersion = "Xcode 14.0";
			developmentRegion = en;
			hasScannedForEncodings = 0;
			knownRegions = (
				en,
				Base,
			);
			mainGroup = AA000001000000000000030A;
			productRefGroup = AA000001000000000000030B /* Products */;
			projectDirPath = "";
			projectRoot = "";
			targets = (
				AA0000010000000000000002 /* MultiAudioIOS */,
			);
		};
/* End PBXProject section */

/* Begin PBXResourcesBuildPhase section */
		AA0000010000000000000005 /* Resources */ = {
			isa = PBXResourcesBuildPhase;
			buildActionMask = 2147483647;
			files = (
			);
			runOnlyForDeploymentPostprocessing = 0;
		};
/* End PBXResourcesBuildPhase section */

/* Begin PBXSourcesBuildPhase section */
		AA0000010000000000000003 /* Sources */ = {
			isa = PBXSourcesBuildPhase;
			buildActionMask = 2147483647;
			files = (
				AA0000010000000000000201 /* MultiAudioIOSApp.swift in Sources */,
				AA0000010000000000000202 /* ContentView.swift in Sources */,
				AA0000010000000000000203 /* CaptureManager.swift in Sources */,
				AA0000010000000000000204 /* AudioTransport.swift in Sources */,
				AA0000010000000000000205 /* PacketEncoderBridge.mm in Sources */,
				AA0000010000000000000206 /* audio_packet.cpp in Sources */,
				AA0000010000000000000207 /* USBMetricLogger.swift in Sources */,
				AA0000010000000000000208 /* udp_socket_posix.cpp in Sources */,
				AA0000010000000000000209 /* fec.cpp in Sources */,
				AA000001000000000000020A /* sender_engine.cpp in Sources */,
				AA000001000000000000020B /* ReverseAudioReceiver.swift in Sources */,
				AA000001000000000000020C /* receiver_engine.cpp in Sources */,
				AA000001000000000000020D /* jitter_buffer.cpp in Sources */,
			);
			runOnlyForDeploymentPostprocessing = 0;
		};
/* End PBXSourcesBuildPhase section */

/* Begin XCBuildConfiguration section */
		AA000001000000000000050A /* Debug */ = {
			isa = XCBuildConfiguration;
			buildSettings = {
				CLANG_ENABLE_MODULES = YES;
				COPY_PHASE_STRIP = NO;
				DEBUG_INFORMATION_FORMAT = dwarf;
				ENABLE_TESTABILITY = YES;
				IPHONEOS_DEPLOYMENT_TARGET = 27.0;
				ONLY_ACTIVE_ARCH = YES;
				SDKROOT = iphoneos;
				SWIFT_ACTIVE_COMPILATION_CONDITIONS = DEBUG;
				SWIFT_OPTIMIZATION_LEVEL = "-Onone";
			};
			name = Debug;
		};
		AA000001000000000000050B /* Release */ = {
			isa = XCBuildConfiguration;
			buildSettings = {
				CLANG_ENABLE_MODULES = YES;
				DEBUG_INFORMATION_FORMAT = "dwarf-with-dsym";
				IPHONEOS_DEPLOYMENT_TARGET = 27.0;
				SDKROOT = iphoneos;
				SWIFT_COMPILATION_MODE = wholemodule;
				SWIFT_OPTIMIZATION_LEVEL = "-O";
			};
			name = Release;
		};
		AA000001000000000000050C /* Debug */ = {
			isa = XCBuildConfiguration;
			buildSettings = {
				CLANG_CXX_LANGUAGE_STANDARD = "c++20";
				CODE_SIGN_ENTITLEMENTS = MultiAudioIOS/MultiAudioIOS.entitlements;
				CODE_SIGN_STYLE = Automatic;
				CURRENT_PROJECT_VERSION = 1;
				DEVELOPMENT_TEAM = 7934D5M686;
				GENERATE_INFOPLIST_FILE = NO;
				HEADER_SEARCH_PATHS = "$(SRCROOT)/../../core/include";
				INFOPLIST_FILE = MultiAudioIOS/Info.plist;
				IPHONEOS_DEPLOYMENT_TARGET = 27.0;
				LD_RUNPATH_SEARCH_PATHS = (
					"$(inherited)",
					"@executable_path/Frameworks",
				);
				MARKETING_VERSION = 0.1.0;
				PRODUCT_BUNDLE_IDENTIFIER = com.skandavyas.multipoint.ios;
				PRODUCT_NAME = "$(TARGET_NAME)";
				SDKROOT = iphoneos;
				SWIFT_STRICT_CONCURRENCY = complete;
				SWIFT_OBJC_BRIDGING_HEADER = MultiAudioIOS/PacketEncoderBridge.h;
				SWIFT_VERSION = 6.0;
				TARGETED_DEVICE_FAMILY = "1,2";
			};
			name = Debug;
		};
		AA000001000000000000050D /* Release */ = {
			isa = XCBuildConfiguration;
			buildSettings = {
				CLANG_CXX_LANGUAGE_STANDARD = "c++20";
				CODE_SIGN_ENTITLEMENTS = MultiAudioIOS/MultiAudioIOS.entitlements;
				CODE_SIGN_STYLE = Automatic;
				CURRENT_PROJECT_VERSION = 1;
				DEVELOPMENT_TEAM = 7934D5M686;
				GENERATE_INFOPLIST_FILE = NO;
				HEADER_SEARCH_PATHS = "$(SRCROOT)/../../core/include";
				INFOPLIST_FILE = MultiAudioIOS/Info.plist;
				IPHONEOS_DEPLOYMENT_TARGET = 27.0;
				LD_RUNPATH_SEARCH_PATHS = (
					"$(inherited)",
					"@executable_path/Frameworks",
				);
				MARKETING_VERSION = 0.1.0;
				PRODUCT_BUNDLE_IDENTIFIER = com.skandavyas.multipoint.ios;
				PRODUCT_NAME = "$(TARGET_NAME)";
				SDKROOT = iphoneos;
				SWIFT_STRICT_CONCURRENCY = complete;
				SWIFT_OBJC_BRIDGING_HEADER = MultiAudioIOS/PacketEncoderBridge.h;
				SWIFT_VERSION = 6.0;
				TARGETED_DEVICE_FAMILY = "1,2";
			};
			name = Release;
		};
/* End XCBuildConfiguration section */

/* Begin XCConfigurationList section */
		AA000001000000000000040A /* Build configuration list for PBXProject "MultiAudioIOS" */ = {
			isa = XCConfigurationList;
			buildConfigurations = (
				AA000001000000000000050A /* Debug */,
				AA000001000000000000050B /* Release */,
			);
			defaultConfigurationIsVisible = 0;
			defaultConfigurationName = Release;
		};
		AA000001000000000000040B /* Build configuration list for PBXNativeTarget "MultiAudioIOS" */ = {
			isa = XCConfigurationList;
			buildConfigurations = (
				AA000001000000000000050C /* Debug */,
				AA000001000000000000050D /* Release */,
			);
			defaultConfigurationIsVisible = 0;
			defaultConfigurationName = Release;
		};
/* End XCConfigurationList section */
	};
	rootObject = AA0000010000000000000001 /* Project object */;
}
